
Microsoft Visual Studio Solution File, Format Version 12.00
# Visual Studio Version 17
VisualStudioVersion = 17.1.32319.34
MinimumVisualStudioVersion = 10.0.40219.1
Project("{FAE04EC0-301F-11D3-BF4B-00C04F79EFBC}") = "MohammedFlappy", "MohammedFlappy\MohammedFlappy.csproj", "{F5CFB250-4343-4B9E-9329-4051AC3F3F08}"
EndProject
Global
	GlobalSection(SolutionConfigurationPlatforms) = preSolution
		Debug|Any CPU = Debug|Any CPU
		Release|Any CPU = Release|Any CPU
	EndGlobalSection
	GlobalSection(ProjectConfigurationPlatforms) = postSolution
		{F5CFB250-4343-4B9E-9329-4051AC3F3F08}.Debug|Any CPU.ActiveCfg = Debug|Any CPU
		{F5CFB250-4343-4B9E-9329-4051AC3F3F08}.Debug|Any CPU.Build.0 = Debug|Any CPU
		{F5CFB250-4343-4B9E-9329-4051AC3F3F08}.Release|Any CPU.ActiveCfg = Release|Any CPU
		{F5CFB250-4343-4B9E-9329-4051AC3F3F08}.Release|Any CPU.Build.0 = Release|Any CPU
	EndGlobalSection
	GlobalSection(SolutionProperties) = preSolution
		HideSolutionNode = FALSE
	EndGlobalSection
	GlobalSection(ExtensibilityGlobals) = postSolution
		SolutionGuid = {24B51346-A453-4F56-B016-BDE6770B675C}
	EndGlobalSection
EndGlobal
